
Microsoft Visual Studio Solution File, Format Version 12.00
Project("{FAE04EC0-301F-11D3-BF4B-00C04F79EFBC}") = "ReciboDeSupermercado", "ReciboDeSupermercado\ReciboDeSupermercado.csproj", "{06B50F5D-75F2-4745-A49C-8FF02F380D7D}"
EndProject
Global
	GlobalSection(SolutionConfigurationPlatforms) = preSolution
		Debug|Any CPU = Debug|Any CPU
		Release|Any CPU = Release|Any CPU
	EndGlobalSection
	GlobalSection(ProjectConfigurationPlatforms) = postSolution
		{06B50F5D-75F2-4745-A49C-8FF02F380D7D}.Debug|Any CPU.ActiveCfg = Debug|Any CPU
		{06B50F5D-75F2-4745-A49C-8FF02F380D7D}.Debug|Any CPU.Build.0 = Debug|Any CPU
		{06B50F5D-75F2-4745-A49C-8FF02F380D7D}.Release|Any CPU.ActiveCfg = Release|Any CPU
		{06B50F5D-75F2-4745-A49C-8FF02F380D7D}.Release|Any CPU.Build.0 = Release|Any CPU
	EndGlobalSection
EndGlobal
